
Microsoft Visual Studio Solution File, Format Version 12.00
# Visual Studio Version 16
VisualStudioVersion = 16.0.31729.503
MinimumVisualStudioVersion = 10.0.40219.1
Project("{9A19103F-16F7-4668-BE54-9A1E7A4F7556}") = "ENM1-api", "ENM1-api.csproj", "{0AB786C5-0EAF-4269-A9F4-1B7B1E98266D}"
EndProject
Global
	GlobalSection(SolutionConfigurationPlatforms) = preSolution
		Debug|Any CPU = Debug|Any CPU
		Release|Any CPU = Release|Any CPU
	EndGlobalSection
	GlobalSection(ProjectConfigurationPlatforms) = postSolution
		{0AB786C5-0EAF-4269-A9F4-1B7B1E98266D}.Debug|Any CPU.ActiveCfg = Debug|Any CPU
		{0AB786C5-0EAF-4269-A9F4-1B7B1E98266D}.Debug|Any CPU.Build.0 = Debug|Any CPU
		{0AB786C5-0EAF-4269-A9F4-1B7B1E98266D}.Release|Any CPU.ActiveCfg = Release|Any CPU
		{0AB786C5-0EAF-4269-A9F4-1B7B1E98266D}.Release|Any CPU.Build.0 = Release|Any CPU
	EndGlobalSection
	GlobalSection(SolutionProperties) = preSolution
		HideSolutionNode = FALSE
	EndGlobalSection
	GlobalSection(ExtensibilityGlobals) = postSolution
		SolutionGuid = {A720468F-833F-4C95-96AE-5B5F024CBA33}
	EndGlobalSection
EndGlobal
